{
  "name": "budgeter-vue-fe",
  "version": "0.0.0",
  "lockfileVersion": 2,
  "requires": true,
  "packages": {
    "": {
      "name": "budgeter-vue-fe",
      "version": "0.0.0",
      "hasInstallScript": true,
      "engines": {
        "node": "16.16.x",
        "npm": "8.x"
      }
    }
  }
}
